
Microsoft Visual Studio Solution File, Format Version 12.00
# Visual Studio 14
VisualStudioVersion = 14.0.25420.1
MinimumVisualStudioVersion = 10.0.40219.1
Project("{FAE04EC0-301F-11D3-BF4B-00C04F79EFBC}") = "TRAIN-Calculator", "TRAIN-Calculator\TRAIN-Calculator.csproj", "{25196DE4-8AA7-4ABE-BE80-539B34BB4D5C}"
EndProject
Global
	GlobalSection(SolutionConfigurationPlatforms) = preSolution
		Debug|Any CPU = Debug|Any CPU
		Release|Any CPU = Release|Any CPU
	EndGlobalSection
	GlobalSection(ProjectConfigurationPlatforms) = postSolution
		{25196DE4-8AA7-4ABE-BE80-539B34BB4D5C}.Debug|Any CPU.ActiveCfg = Debug|Any CPU
		{25196DE4-8AA7-4ABE-BE80-539B34BB4D5C}.Debug|Any CPU.Build.0 = Debug|Any CPU
		{25196DE4-8AA7-4ABE-BE80-539B34BB4D5C}.Release|Any CPU.ActiveCfg = Release|Any CPU
		{25196DE4-8AA7-4ABE-BE80-539B34BB4D5C}.Release|Any CPU.Build.0 = Release|Any CPU
	EndGlobalSection
	GlobalSection(SolutionProperties) = preSolution
		HideSolutionNode = FALSE
	EndGlobalSection
EndGlobal
